
Microsoft Visual Studio Solution File, Format Version 12.00
# Visual Studio 14
VisualStudioVersion = 14.0.25420.1
MinimumVisualStudioVersion = 10.0.40219.1
Project("{FAE04EC0-301F-11D3-BF4B-00C04F79EFBC}") = "DVL_UODSA.Domain", "DVL_UODSA.Domain\DVL_UODSA.Domain.csproj", "{CD9803BD-4213-488C-82F9-D58E7DDE99E2}"
EndProject
Project("{FAE04EC0-301F-11D3-BF4B-00C04F79EFBC}") = "DVL_UODSA.WebUI", "DVL_UODSA.WebUI\DVL_UODSA.WebUI.csproj", "{592A6441-CE13-4297-9AD2-EA2BCDC19DA2}"
EndProject
Global
	GlobalSection(SolutionConfigurationPlatforms) = preSolution
		Debug|Any CPU = Debug|Any CPU
		Release|Any CPU = Release|Any CPU
	EndGlobalSection
	GlobalSection(ProjectConfigurationPlatforms) = postSolution
		{CD9803BD-4213-488C-82F9-D58E7DDE99E2}.Debug|Any CPU.ActiveCfg = Debug|Any CPU
		{CD9803BD-4213-488C-82F9-D58E7DDE99E2}.Debug|Any CPU.Build.0 = Debug|Any CPU
		{CD9803BD-4213-488C-82F9-D58E7DDE99E2}.Release|Any CPU.ActiveCfg = Release|Any CPU
		{CD9803BD-4213-488C-82F9-D58E7DDE99E2}.Release|Any CPU.Build.0 = Release|Any CPU
		{592A6441-CE13-4297-9AD2-EA2BCDC19DA2}.Debug|Any CPU.ActiveCfg = Debug|Any CPU
		{592A6441-CE13-4297-9AD2-EA2BCDC19DA2}.Debug|Any CPU.Build.0 = Debug|Any CPU
		{592A6441-CE13-4297-9AD2-EA2BCDC19DA2}.Release|Any CPU.ActiveCfg = Release|Any CPU
		{592A6441-CE13-4297-9AD2-EA2BCDC19DA2}.Release|Any CPU.Build.0 = Release|Any CPU
	EndGlobalSection
	GlobalSection(SolutionProperties) = preSolution
		HideSolutionNode = FALSE
	EndGlobalSection
EndGlobal
